
Microsoft Visual Studio Solution File, Format Version 12.00
# Visual Studio Version 17
VisualStudioVersion = 17.14.36408.4 d17.14
MinimumVisualStudioVersion = 10.0.40219.1
Project("{FAE04EC0-301F-11D3-BF4B-00C04F79EFBC}") = "Week01-EFCore", "Week01-EFCore.csproj", "{C3EB38DB-F5A9-4E9D-A3B6-7A1B65BA022C}"
EndProject
Global
	GlobalSection(SolutionConfigurationPlatforms) = preSolution
		Debug|Any CPU = Debug|Any CPU
		Release|Any CPU = Release|Any CPU
	EndGlobalSection
	GlobalSection(ProjectConfigurationPlatforms) = postSolution
		{C3EB38DB-F5A9-4E9D-A3B6-7A1B65BA022C}.Debug|Any CPU.ActiveCfg = Debug|Any CPU
		{C3EB38DB-F5A9-4E9D-A3B6-7A1B65BA022C}.Debug|Any CPU.Build.0 = Debug|Any CPU
		{C3EB38DB-F5A9-4E9D-A3B6-7A1B65BA022C}.Release|Any CPU.ActiveCfg = Release|Any CPU
		{C3EB38DB-F5A9-4E9D-A3B6-7A1B65BA022C}.Release|Any CPU.Build.0 = Release|Any CPU
	EndGlobalSection
	GlobalSection(SolutionProperties) = preSolution
		HideSolutionNode = FALSE
	EndGlobalSection
	GlobalSection(ExtensibilityGlobals) = postSolution
		SolutionGuid = {52FE26A7-2847-4185-BCAD-9BEAA749F9ED}
	EndGlobalSection
EndGlobal
